
Microsoft Visual Studio Solution File, Format Version 12.00
# Visual Studio Version 17
VisualStudioVersion = 17.0.31903.59
MinimumVisualStudioVersion = 10.0.40219.1
Project("{FAE04EC0-301F-11D3-BF4B-00C04F79EFBC}") = "dotnetWebApi", "dotnetWebApi\dotnetWebApi.csproj", "{516701ED-D00B-47A2-BD2A-64BDA422565D}"
EndProject
Global
	GlobalSection(SolutionConfigurationPlatforms) = preSolution
		Debug|Any CPU = Debug|Any CPU
		Release|Any CPU = Release|Any CPU
	EndGlobalSection
	GlobalSection(SolutionProperties) = preSolution
		HideSolutionNode = FALSE
	EndGlobalSection
	GlobalSection(ProjectConfigurationPlatforms) = postSolution
		{516701ED-D00B-47A2-BD2A-64BDA422565D}.Debug|Any CPU.ActiveCfg = Debug|Any CPU
		{516701ED-D00B-47A2-BD2A-64BDA422565D}.Debug|Any CPU.Build.0 = Debug|Any CPU
		{516701ED-D00B-47A2-BD2A-64BDA422565D}.Release|Any CPU.ActiveCfg = Release|Any CPU
		{516701ED-D00B-47A2-BD2A-64BDA422565D}.Release|Any CPU.Build.0 = Release|Any CPU
	EndGlobalSection
EndGlobal
